// !$*UTF8*$!
{
	archiveVersion = 1;
	classes = {
	};
	objectVersion = 56;
	objects = {

/* Begin PBXBuildFile section */
		8159E4F12946808B003DFBF9 /* reload.wav in Resources */ = {isa = PBXBuildFile; fileRef = 8159E4F02946808B003DFBF9 /* reload.wav */; };
		8159E4F32946809D003DFBF9 /* empty.wav in Resources */ = {isa = PBXBuildFile; fileRef = 8159E4F22946809D003DFBF9 /* empty.wav */; };
		815D35BB29438D1400BAA96C /* AppDelegate.swift in Sources */ = {isa = PBXBuildFile; fileRef = 815D35BA29438D1400BAA96C /* AppDelegate.swift */; };
		815D35BD29438D1400BAA96C /* GameScene.sks in Resources */ = {isa = PBXBuildFile; fileRef = 815D35BC29438D1400BAA96C /* GameScene.sks */; };
		815D35C129438D1400BAA96C /* GameScene.swift in Sources */ = {isa = PBXBuildFile; fileRef = 815D35C029438D1400BAA96C /* GameScene.swift */; };
		815D35C329438D1400BAA96C /* GameViewController.swift in Sources */ = {isa = PBXBuildFile; fileRef = 815D35C229438D1400BAA96C /* GameViewController.swift */; };
		815D35C629438D1400BAA96C /* Main.storyboard in Resources */ = {isa = PBXBuildFile; fileRef = 815D35C429438D1400BAA96C /* Main.storyboard */; };
		815D35C829438D1500BAA96C /* Assets.xcassets in Resources */ = {isa = PBXBuildFile; fileRef = 815D35C729438D1500BAA96C /* Assets.xcassets */; };
		815D35CB29438D1500BAA96C /* LaunchScreen.storyboard in Resources */ = {isa = PBXBuildFile; fileRef = 815D35C929438D1500BAA96C /* LaunchScreen.storyboard */; };
		815D35D22943B62800BAA96C /* Shelf.swift in Sources */ = {isa = PBXBuildFile; fileRef = 815D35D12943B62800BAA96C /* Shelf.swift */; };
		815D35D42943BD1400BAA96C /* shot.wav in Resources */ = {isa = PBXBuildFile; fileRef = 815D35D32943BD1400BAA96C /* shot.wav */; };
		81861FBC29452C60001E7B7D /* Double-Seconds.swift in Sources */ = {isa = PBXBuildFile; fileRef = 81861FBB29452C60001E7B7D /* Double-Seconds.swift */; };
		81861FBE294676D4001E7B7D /* Shot.sks in Resources */ = {isa = PBXBuildFile; fileRef = 81861FBD294676D4001E7B7D /* Shot.sks */; };
/* End PBXBuildFile section */

/* Begin PBXFileReference section */
		8159E4F02946808B003DFBF9 /* reload.wav */ = {isa = PBXFileReference; lastKnownFileType = audio.wav; path = reload.wav; sourceTree = "<group>"; };
		8159E4F22946809D003DFBF9 /* empty.wav */ = {isa = PBXFileReference; lastKnownFileType = audio.wav; path = empty.wav; sourceTree = "<group>"; };
		815D35B729438D1400BAA96C /* ShootingGallery.app */ = {isa = PBXFileReference; explicitFileType = wrapper.application; includeInIndex = 0; path = ShootingGallery.app; sourceTree = BUILT_PRODUCTS_DIR; };
		815D35BA29438D1400BAA96C /* AppDelegate.swift */ = {isa = PBXFileReference; lastKnownFileType = sourcecode.swift; path = AppDelegate.swift; sourceTree = "<group>"; };
		815D35BC29438D1400BAA96C /* GameScene.sks */ = {isa = PBXFileReference; lastKnownFileType = file.sks; path = GameScene.sks; sourceTree = "<group>"; };
		815D35C029438D1400BAA96C /* GameScene.swift */ = {isa = PBXFileReference; lastKnownFileType = sourcecode.swift; path = GameScene.swift; sourceTree = "<group>"; };
		815D35C229438D1400BAA96C /* GameViewController.swift */ = {isa = PBXFileReference; lastKnownFileType = sourcecode.swift; path = GameViewController.swift; sourceTree = "<group>"; };
		815D35C529438D1400BAA96C /* Base */ = {isa = PBXFileReference; lastKnownFileType = file.storyboard; name = Base; path = Base.lproj/Main.storyboard; sourceTree = "<group>"; };
		815D35C729438D1500BAA96C /* Assets.xcassets */ = {isa = PBXFileReference; lastKnownFileType = folder.assetcatalog; path = Assets.xcassets; sourceTree = "<group>"; };
		815D35CA29438D1500BAA96C /* Base */ = {isa = PBXFileReference; lastKnownFileType = file.storyboard; name = Base; path = Base.lproj/LaunchScreen.storyboard; sourceTree = "<group>"; };
		815D35D12943B62800BAA96C /* Shelf.swift */ = {isa = PBXFileReference; lastKnownFileType = sourcecode.swift; path = Shelf.swift; sourceTree = "<group>"; };
		815D35D32943BD1400BAA96C /* shot.wav */ = {isa = PBXFileReference; lastKnownFileType = audio.wav; path = shot.wav; sourceTree = "<group>"; };
		81861FBB29452C60001E7B7D /* Double-Seconds.swift */ = {isa = PBXFileReference; lastKnownFileType = sourcecode.swift; path = "Double-Seconds.swift"; sourceTree = "<group>"; };
		81861FBD294676D4001E7B7D /* Shot.sks */ = {isa = PBXFileReference; lastKnownFileType = file.sks; path = Shot.sks; sourceTree = "<group>"; };
/* End PBXFileReference section */

/* Begin PBXFrameworksBuildPhase section */
		815D35B429438D1400BAA96C /* Frameworks */ = {
			isa = PBXFrameworksBuildPhase;
			buildActionMask = 2147483647;
			files = (
			);
			runOnlyForDeploymentPostprocessing = 0;
		};
/* End PBXFrameworksBuildPhase section */

/* Begin PBXGroup section */
		815D35AE29438D1400BAA96C = {
			isa = PBXGroup;
			children = (
				815D35B929438D1400BAA96C /* ShootingGallery */,
				815D35B829438D1400BAA96C /* Products */,
			);
			sourceTree = "<group>";
		};
		815D35B829438D1400BAA96C /* Products */ = {
			isa = PBXGroup;
			children = (
				815D35B729438D1400BAA96C /* ShootingGallery.app */,
			);
			name = Products;
			sourceTree = "<group>";
		};
		815D35B929438D1400BAA96C /* ShootingGallery */ = {
			isa = PBXGroup;
			children = (
				815D35BA29438D1400BAA96C /* AppDelegate.swift */,
				815D35BC29438D1400BAA96C /* GameScene.sks */,
				81861FBB29452C60001E7B7D /* Double-Seconds.swift */,
				815D35C029438D1400BAA96C /* GameScene.swift */,
				815D35D12943B62800BAA96C /* Shelf.swift */,
				815D35C229438D1400BAA96C /* GameViewController.swift */,
				81861FBD294676D4001E7B7D /* Shot.sks */,
				815D35C429438D1400BAA96C /* Main.storyboard */,
				815D35C729438D1500BAA96C /* Assets.xcassets */,
				815D35C929438D1500BAA96C /* LaunchScreen.storyboard */,
				815D35D32943BD1400BAA96C /* shot.wav */,
				8159E4F02946808B003DFBF9 /* reload.wav */,
				8159E4F22946809D003DFBF9 /* empty.wav */,
			);
			path = ShootingGallery;
			sourceTree = "<group>";
		};
/* End PBXGroup section */

/* Begin PBXNativeTarget section */
		815D35B629438D1400BAA96C /* ShootingGallery */ = {
			isa = PBXNativeTarget;
			buildConfigurationList = 815D35CE29438D1500BAA96C /* Build configuration list for PBXNativeTarget "ShootingGallery" */;
			buildPhases = (
				815D35B329438D1400BAA96C /* Sources */,
				815D35B429438D1400BAA96C /* Frameworks */,
				815D35B529438D1400BAA96C /* Resources */,
			);
			buildRules = (
			);
			dependencies = (
			);
			name = ShootingGallery;
			productName = ShootingGallery;
			productReference = 815D35B729438D1400BAA96C /* ShootingGallery.app */;
			productType = "com.apple.product-type.application";
		};
/* End PBXNativeTarget section */

/* Begin PBXProject section */
		815D35AF29438D1400BAA96C /* Project object */ = {
			isa = PBXProject;
			attributes = {
				BuildIndependentTargetsInParallel = 1;
				LastSwiftUpdateCheck = 1410;
				LastUpgradeCheck = 1410;
				TargetAttributes = {
					815D35B629438D1400BAA96C = {
						CreatedOnToolsVersion = 14.1;
					};
				};
			};
			buildConfigurationList = 815D35B229438D1400BAA96C /* Build configuration list for PBXProject "ShootingGallery" */;
			compatibilityVersion = "Xcode 14.0";
			developmentRegion = en;
			hasScannedForEncodings = 0;
			knownRegions = (
				en,
				Base,
			);
			mainGroup = 815D35AE29438D1400BAA96C;
			productRefGroup = 815D35B829438D1400BAA96C /* Products */;
			projectDirPath = "";
			projectRoot = "";
			targets = (
				815D35B629438D1400BAA96C /* ShootingGallery */,
			);
		};
/* End PBXProject section */

/* Begin PBXResourcesBuildPhase section */
		815D35B529438D1400BAA96C /* Resources */ = {
			isa = PBXResourcesBuildPhase;
			buildActionMask = 2147483647;
			files = (
				815D35D42943BD1400BAA96C /* shot.wav in Resources */,
				815D35C629438D1400BAA96C /* Main.storyboard in Resources */,
				815D35BD29438D1400BAA96C /* GameScene.sks in Resources */,
				8159E4F12946808B003DFBF9 /* reload.wav in Resources */,
				8159E4F32946809D003DFBF9 /* empty.wav in Resources */,
				815D35C829438D1500BAA96C /* Assets.xcassets in Resources */,
				815D35CB29438D1500BAA96C /* LaunchScreen.storyboard in Resources */,
				81861FBE294676D4001E7B7D /* Shot.sks in Resources */,
			);
			runOnlyForDeploymentPostprocessing = 0;
		};
/* End PBXResourcesBuildPhase section */

/* Begin PBXSourcesBuildPhase section */
		815D35B329438D1400BAA96C /* Sources */ = {
			isa = PBXSourcesBuildPhase;
			buildActionMask = 2147483647;
			files = (
				815D35D22943B62800BAA96C /* Shelf.swift in Sources */,
				815D35C129438D1400BAA96C /* GameScene.swift in Sources */,
				81861FBC29452C60001E7B7D /* Double-Seconds.swift in Sources */,
				815D35C329438D1400BAA96C /* GameViewController.swift in Sources */,
				815D35BB29438D1400BAA96C /* AppDelegate.swift in Sources */,
			);
			runOnlyForDeploymentPostprocessing = 0;
		};
/* End PBXSourcesBuildPhase section */

/* Begin PBXVariantGroup section */
		815D35C429438D1400BAA96C /* Main.storyboard */ = {
			isa = PBXVariantGroup;
			children = (
				815D35C529438D1400BAA96C /* Base */,
			);
			name = Main.storyboard;
			sourceTree = "<group>";
		};
		815D35C929438D1500BAA96C /* LaunchScreen.storyboard */ = {
			isa = PBXVariantGroup;
			children = (
				815D35CA29438D1500BAA96C /* Base */,
			);
			name = LaunchScreen.storyboard;
			sourceTree = "<group>";
		};
/* End PBXVariantGroup section */

/* Begin XCBuildConfiguration section */
		815D35CC29438D1500BAA96C /* Debug */ = {
			isa = XCBuildConfiguration;
			buildSettings = {
				ALWAYS_SEARCH_USER_PATHS = NO;
				CLANG_ANALYZER_NONNULL = YES;
				CLANG_ANALYZER_NUMBER_OBJECT_CONVERSION = YES_AGGRESSIVE;
				CLANG_CXX_LANGUAGE_STANDARD = "gnu++20";
				CLANG_ENABLE_MODULES = YES;
				CLANG_ENABLE_OBJC_ARC = YES;
				CLANG_ENABLE_OBJC_WEAK = YES;
				CLANG_WARN_BLOCK_CAPTURE_AUTORELEASING = YES;
				CLANG_WARN_BOOL_CONVERSION = YES;
				CLANG_WARN_COMMA = YES;
				CLANG_WARN_CONSTANT_CONVERSION = YES;
				CLANG_WARN_DEPRECATED_OBJC_IMPLEMENTATIONS = YES;
				CLANG_WARN_DIRECT_OBJC_ISA_USAGE = YES_ERROR;
				CLANG_WARN_DOCUMENTATION_COMMENTS = YES;
				CLANG_WARN_EMPTY_BODY = YES;
				CLANG_WARN_ENUM_CONVERSION = YES;
				CLANG_WARN_INFINITE_RECURSION = YES;
				CLANG_WARN_INT_CONVERSION = YES;
				CLANG_WARN_NON_LITERAL_NULL_CONVERSION = YES;
				CLANG_WARN_OBJC_IMPLICIT_RETAIN_SELF = YES;
				CLANG_WARN_OBJC_LITERAL_CONVERSION = YES;
				CLANG_WARN_OBJC_ROOT_CLASS = YES_ERROR;
				CLANG_WARN_QUOTED_INCLUDE_IN_FRAMEWORK_HEADER = YES;
				CLANG_WARN_RANGE_LOOP_ANALYSIS = YES;
				CLANG_WARN_STRICT_PROTOTYPES = YES;
				CLANG_WARN_SUSPICIOUS_MOVE = YES;
				CLANG_WARN_UNGUARDED_AVAILABILITY = YES_AGGRESSIVE;
				CLANG_WARN_UNREACHABLE_CODE = YES;
				CLANG_WARN__DUPLICATE_METHOD_MATCH = YES;
				COPY_PHASE_STRIP = NO;
				DEBUG_INFORMATION_FORMAT = dwarf;
				ENABLE_STRICT_OBJC_MSGSEND = YES;
				ENABLE_TESTABILITY = YES;
				GCC_C_LANGUAGE_STANDARD = gnu11;
				GCC_DYNAMIC_NO_PIC = NO;
				GCC_NO_COMMON_BLOCKS = YES;
				GCC_OPTIMIZATION_LEVEL = 0;
				GCC_PREPROCESSOR_DEFINITIONS = (
					"DEBUG=1",
					"$(inherited)",
				);
				GCC_WARN_64_TO_32_BIT_CONVERSION = YES;
				GCC_WARN_ABOUT_RETURN_TYPE = YES_ERROR;
				GCC_WARN_UNDECLARED_SELECTOR = YES;
				GCC_WARN_UNINITIALIZED_AUTOS = YES_AGGRESSIVE;
				GCC_WARN_UNUSED_FUNCTION = YES;
				GCC_WARN_UNUSED_VARIABLE = YES;
				IPHONEOS_DEPLOYMENT_TARGET = 16.1;
				MTL_ENABLE_DEBUG_INFO = INCLUDE_SOURCE;
				MTL_FAST_MATH = YES;
				ONLY_ACTIVE_ARCH = YES;
				SDKROOT = iphoneos;
				SWIFT_ACTIVE_COMPILATION_CONDITIONS = DEBUG;
				SWIFT_OPTIMIZATION_LEVEL = "-Onone";
			};
			name = Debug;
		};
		815D35CD29438D1500BAA96C /* Release */ = {
			isa = XCBuildConfiguration;
			buildSettings = {
				ALWAYS_SEARCH_USER_PATHS = NO;
				CLANG_ANALYZER_NONNULL = YES;
				CLANG_ANALYZER_NUMBER_OBJECT_CONVERSION = YES_AGGRESSIVE;
				CLANG_CXX_LANGUAGE_STANDARD = "gnu++20";
				CLANG_ENABLE_MODULES = YES;
				CLANG_ENABLE_OBJC_ARC = YES;
				CLANG_ENABLE_OBJC_WEAK = YES;
				CLANG_WARN_BLOCK_CAPTURE_AUTORELEASING = YES;
				CLANG_WARN_BOOL_CONVERSION = YES;
				CLANG_WARN_COMMA = YES;
				CLANG_WARN_CONSTANT_CONVERSION = YES;
				CLANG_WARN_DEPRECATED_OBJC_IMPLEMENTATIONS = YES;
				CLANG_WARN_DIRECT_OBJC_ISA_USAGE = YES_ERROR;
				CLANG_WARN_DOCUMENTATION_COMMENTS = YES;
				CLANG_WARN_EMPTY_BODY = YES;
				CLANG_WARN_ENUM_CONVERSION = YES;
				CLANG_WARN_INFINITE_RECURSION = YES;
				CLANG_WARN_INT_CONVERSION = YES;
				CLANG_WARN_NON_LITERAL_NULL_CONVERSION = YES;
				CLANG_WARN_OBJC_IMPLICIT_RETAIN_SELF = YES;
				CLANG_WARN_OBJC_LITERAL_CONVERSION = YES;
				CLANG_WARN_OBJC_ROOT_CLASS = YES_ERROR;
				CLANG_WARN_QUOTED_INCLUDE_IN_FRAMEWORK_HEADER = YES;
				CLANG_WARN_RANGE_LOOP_ANALYSIS = YES;
				CLANG_WARN_STRICT_PROTOTYPES = YES;
				CLANG_WARN_SUSPICIOUS_MOVE = YES;
				CLANG_WARN_UNGUARDED_AVAILABILITY = YES_AGGRESSIVE;
				CLANG_WARN_UNREACHABLE_CODE = YES;
				CLANG_WARN__DUPLICATE_METHOD_MATCH = YES;
				COPY_PHASE_STRIP = NO;
				DEBUG_INFORMATION_FORMAT = "dwarf-with-dsym";
				ENABLE_NS_ASSERTIONS = NO;
				ENABLE_STRICT_OBJC_MSGSEND = YES;
				GCC_C_LANGUAGE_STANDARD = gnu11;
				GCC_NO_COMMON_BLOCKS = YES;
				GCC_WARN_64_TO_32_BIT_CONVERSION = YES;
				GCC_WARN_ABOUT_RETURN_TYPE = YES_ERROR;
				GCC_WARN_UNDECLARED_SELECTOR = YES;
				GCC_WARN_UNINITIALIZED_AUTOS = YES_AGGRESSIVE;
				GCC_WARN_UNUSED_FUNCTION = YES;
				GCC_WARN_UNUSED_VARIABLE = YES;
				IPHONEOS_DEPLOYMENT_TARGET = 16.1;
				MTL_ENABLE_DEBUG_INFO = NO;
				MTL_FAST_MATH = YES;
				SDKROOT = iphoneos;
				SWIFT_COMPILATION_MODE = wholemodule;
				SWIFT_OPTIMIZATION_LEVEL = "-O";
				VALIDATE_PRODUCT = YES;
			};
			name = Release;
		};
		815D35CF29438D1500BAA96C /* Debug */ = {
			isa = XCBuildConfiguration;
			buildSettings = {
				ASSETCATALOG_COMPILER_APPICON_NAME = AppIcon;
				ASSETCATALOG_COMPILER_GLOBAL_ACCENT_COLOR_NAME = AccentColor;
				CODE_SIGN_STYLE = Automatic;
				CURRENT_PROJECT_VERSION = 1;
				DEVELOPMENT_TEAM = 2NS42499VH;
				GENERATE_INFOPLIST_FILE = YES;
				INFOPLIST_KEY_UIApplicationSupportsIndirectInputEvents = YES;
				INFOPLIST_KEY_UILaunchStoryboardName = LaunchScreen;
				INFOPLIST_KEY_UIMainStoryboardFile = Main;
				INFOPLIST_KEY_UIStatusBarHidden = YES;
				INFOPLIST_KEY_UISupportedInterfaceOrientations = "UIInterfaceOrientationLandscapeLeft UIInterfaceOrientationLandscapeRight UIInterfaceOrientationPortrait";
				INFOPLIST_KEY_UISupportedInterfaceOrientations_iPad = "UIInterfaceOrientationLandscapeLeft UIInterfaceOrientationLandscapeRight";
				IPHONEOS_DEPLOYMENT_TARGET = 16.0;
				LD_RUNPATH_SEARCH_PATHS = (
					"$(inherited)",
					"@executable_path/Frameworks",
				);
				MARKETING_VERSION = 1.0;
				PRODUCT_BUNDLE_IDENTIFIER = com.andresraigoza.ShootingGallery;
				PRODUCT_NAME = "$(TARGET_NAME)";
				SUPPORTED_PLATFORMS = "iphoneos iphonesimulator";
				SUPPORTS_MACCATALYST = NO;
				SUPPORTS_MAC_DESIGNED_FOR_IPHONE_IPAD = NO;
				SWIFT_EMIT_LOC_STRINGS = YES;
				SWIFT_VERSION = 5.0;
				TARGETED_DEVICE_FAMILY = 2;
			};
			name = Debug;
		};
		815D35D029438D1500BAA96C /* Release */ = {
			isa = XCBuildConfiguration;
			buildSettings = {
				ASSETCATALOG_COMPILER_APPICON_NAME = AppIcon;
				ASSETCATALOG_COMPILER_GLOBAL_ACCENT_COLOR_NAME = AccentColor;
				CODE_SIGN_STYLE = Automatic;
				CURRENT_PROJECT_VERSION = 1;
				DEVELOPMENT_TEAM = 2NS42499VH;
				GENERATE_INFOPLIST_FILE = YES;
				INFOPLIST_KEY_UIApplicationSupportsIndirectInputEvents = YES;
				INFOPLIST_KEY_UILaunchStoryboardName = LaunchScreen;
				INFOPLIST_KEY_UIMainStoryboardFile = Main;
				INFOPLIST_KEY_UIStatusBarHidden = YES;
				INFOPLIST_KEY_UISupportedInterfaceOrientations = "UIInterfaceOrientationLandscapeLeft UIInterfaceOrientationLandscapeRight UIInterfaceOrientationPortrait";
				INFOPLIST_KEY_UISupportedInterfaceOrientations_iPad = "UIInterfaceOrientationLandscapeLeft UIInterfaceOrientationLandscapeRight";
				IPHONEOS_DEPLOYMENT_TARGET = 16.0;
				LD_RUNPATH_SEARCH_PATHS = (
					"$(inherited)",
					"@executable_path/Frameworks",
				);
				MARKETING_VERSION = 1.0;
				PRODUCT_BUNDLE_IDENTIFIER = com.andresraigoza.ShootingGallery;
				PRODUCT_NAME = "$(TARGET_NAME)";
				SUPPORTED_PLATFORMS = "iphoneos iphonesimulator";
				SUPPORTS_MACCATALYST = NO;
				SUPPORTS_MAC_DESIGNED_FOR_IPHONE_IPAD = NO;
				SWIFT_EMIT_LOC_STRINGS = YES;
				SWIFT_VERSION = 5.0;
				TARGETED_DEVICE_FAMILY = 2;
			};
			name = Release;
		};
/* End XCBuildConfiguration section */

/* Begin XCConfigurationList section */
		815D35B229438D1400BAA96C /* Build configuration list for PBXProject "ShootingGallery" */ = {
			isa = XCConfigurationList;
			buildConfigurations = (
				815D35CC29438D1500BAA96C /* Debug */,
				815D35CD29438D1500BAA96C /* Release */,
			);
			defaultConfigurationIsVisible = 0;
			defaultConfigurationName = Release;
		};
		815D35CE29438D1500BAA96C /* Build configuration list for PBXNativeTarget "ShootingGallery" */ = {
			isa = XCConfigurationList;
			buildConfigurations = (
				815D35CF29438D1500BAA96C /* Debug */,
				815D35D029438D1500BAA96C /* Release */,
			);
			defaultConfigurationIsVisible = 0;
			defaultConfigurationName = Release;
		};
/* End XCConfigurationList section */
	};
	rootObject = 815D35AF29438D1400BAA96C /* Project object */;
}
